
Microsoft Visual Studio Solution File, Format Version 12.00
# Visual Studio 14
VisualStudioVersion = 14.0.25420.1
MinimumVisualStudioVersion = 10.0.40219.1
Project("{2150E333-8FDC-42A3-9474-1A3956D46DE8}") = "src", "src", "{A6073CA6-7484-4058-B431-490B4DEC0269}"
EndProject
Project("{2150E333-8FDC-42A3-9474-1A3956D46DE8}") = "Solution Items", "Solution Items", "{B58EED7D-7C2D-4C7C-9896-A171EC2C5BC0}"
	ProjectSection(SolutionItems) = preProject
		global.json = global.json
	EndProjectSection
EndProject
Project("{8BB2217D-0F2D-49D1-97BC-3654ED321F3B}") = "Exercise", "src\Exercise\Exercise.xproj", "{555D7071-9B3D-4AC9-AF96-D0CCB85ACDE5}"
EndProject
Global
	GlobalSection(SolutionConfigurationPlatforms) = preSolution
		Debug|Any CPU = Debug|Any CPU
		Release|Any CPU = Release|Any CPU
	EndGlobalSection
	GlobalSection(ProjectConfigurationPlatforms) = postSolution
		{555D7071-9B3D-4AC9-AF96-D0CCB85ACDE5}.Debug|Any CPU.ActiveCfg = Debug|Any CPU
		{555D7071-9B3D-4AC9-AF96-D0CCB85ACDE5}.Debug|Any CPU.Build.0 = Debug|Any CPU
		{555D7071-9B3D-4AC9-AF96-D0CCB85ACDE5}.Release|Any CPU.ActiveCfg = Release|Any CPU
		{555D7071-9B3D-4AC9-AF96-D0CCB85ACDE5}.Release|Any CPU.Build.0 = Release|Any CPU
	EndGlobalSection
	GlobalSection(SolutionProperties) = preSolution
		HideSolutionNode = FALSE
	EndGlobalSection
	GlobalSection(NestedProjects) = preSolution
		{555D7071-9B3D-4AC9-AF96-D0CCB85ACDE5} = {A6073CA6-7484-4058-B431-490B4DEC0269}
	EndGlobalSection
EndGlobal
