
Microsoft Visual Studio Solution File, Format Version 12.00
# Visual Studio 15
VisualStudioVersion = 15.0.28307.645
MinimumVisualStudioVersion = 10.0.40219.1
Project("{FAE04EC0-301F-11D3-BF4B-00C04F79EFBC}") = "Properties", "Properties\Properties.csproj", "{586D104F-3C6C-4532-A27E-E76097B16494}"
EndProject
Global
	GlobalSection(SolutionConfigurationPlatforms) = preSolution
		Debug|Any CPU = Debug|Any CPU
		Release|Any CPU = Release|Any CPU
	EndGlobalSection
	GlobalSection(ProjectConfigurationPlatforms) = postSolution
		{586D104F-3C6C-4532-A27E-E76097B16494}.Debug|Any CPU.ActiveCfg = Debug|Any CPU
		{586D104F-3C6C-4532-A27E-E76097B16494}.Debug|Any CPU.Build.0 = Debug|Any CPU
		{586D104F-3C6C-4532-A27E-E76097B16494}.Release|Any CPU.ActiveCfg = Release|Any CPU
		{586D104F-3C6C-4532-A27E-E76097B16494}.Release|Any CPU.Build.0 = Release|Any CPU
	EndGlobalSection
	GlobalSection(SolutionProperties) = preSolution
		HideSolutionNode = FALSE
	EndGlobalSection
	GlobalSection(ExtensibilityGlobals) = postSolution
		SolutionGuid = {4900BC66-504A-43E6-B708-A32233B02A8D}
	EndGlobalSection
EndGlobal
