
Microsoft Visual Studio Solution File, Format Version 12.00
# Visual Studio 15
VisualStudioVersion = 15.0.28307.645
MinimumVisualStudioVersion = 10.0.40219.1
Project("{FAE04EC0-301F-11D3-BF4B-00C04F79EFBC}") = "AbstractClasses", "AbstractClasses\AbstractClasses.csproj", "{0AA1A917-32CA-4917-B261-8889E3D45A8E}"
EndProject
Global
	GlobalSection(SolutionConfigurationPlatforms) = preSolution
		Debug|Any CPU = Debug|Any CPU
		Release|Any CPU = Release|Any CPU
	EndGlobalSection
	GlobalSection(ProjectConfigurationPlatforms) = postSolution
		{0AA1A917-32CA-4917-B261-8889E3D45A8E}.Debug|Any CPU.ActiveCfg = Debug|Any CPU
		{0AA1A917-32CA-4917-B261-8889E3D45A8E}.Debug|Any CPU.Build.0 = Debug|Any CPU
		{0AA1A917-32CA-4917-B261-8889E3D45A8E}.Release|Any CPU.ActiveCfg = Release|Any CPU
		{0AA1A917-32CA-4917-B261-8889E3D45A8E}.Release|Any CPU.Build.0 = Release|Any CPU
	EndGlobalSection
	GlobalSection(SolutionProperties) = preSolution
		HideSolutionNode = FALSE
	EndGlobalSection
	GlobalSection(ExtensibilityGlobals) = postSolution
		SolutionGuid = {D90E2855-16CC-4212-932B-485955E5E832}
	EndGlobalSection
EndGlobal
